
Microsoft Visual Studio Solution File, Format Version 12.00
# Visual Studio 14
VisualStudioVersion = 14.0.23107.0
MinimumVisualStudioVersion = 10.0.40219.1
Project("{8BC9CEB8-8B4A-11D0-8D11-00A0C91BC942}") = "RemoteControl_V1", "RemoteControl_V1.vcxproj", "{6159D430-FCDB-4112-BB99-9C0EF729A04E}"
EndProject
Project("{8BC9CEB8-8B4A-11D0-8D11-00A0C91BC942}") = "FrontPanelTMT2015", "..\FrontPanelTMT2015\FrontPanelTMT2015.vcxproj", "{A97A8E59-740D-4D89-AB7C-EE51FD08BE99}"
EndProject
Global
	GlobalSection(SolutionConfigurationPlatforms) = preSolution
		Debug|Win32 = Debug|Win32
		Release|Win32 = Release|Win32
	EndGlobalSection
	GlobalSection(ProjectConfigurationPlatforms) = postSolution
		{6159D430-FCDB-4112-BB99-9C0EF729A04E}.Debug|Win32.ActiveCfg = Debug|Win32
		{6159D430-FCDB-4112-BB99-9C0EF729A04E}.Debug|Win32.Build.0 = Debug|Win32
		{6159D430-FCDB-4112-BB99-9C0EF729A04E}.Release|Win32.ActiveCfg = Release|Win32
		{6159D430-FCDB-4112-BB99-9C0EF729A04E}.Release|Win32.Build.0 = Release|Win32
		{A97A8E59-740D-4D89-AB7C-EE51FD08BE99}.Debug|Win32.ActiveCfg = Debug|Win32
		{A97A8E59-740D-4D89-AB7C-EE51FD08BE99}.Debug|Win32.Build.0 = Debug|Win32
		{A97A8E59-740D-4D89-AB7C-EE51FD08BE99}.Release|Win32.ActiveCfg = Release|Win32
		{A97A8E59-740D-4D89-AB7C-EE51FD08BE99}.Release|Win32.Build.0 = Release|Win32
	EndGlobalSection
	GlobalSection(SolutionProperties) = preSolution
		HideSolutionNode = FALSE
	EndGlobalSection
EndGlobal
